
Microsoft Visual Studio Solution File, Format Version 12.00
# Visual Studio 15
VisualStudioVersion = 15.0.26730.16
MinimumVisualStudioVersion = 10.0.40219.1
Project("{2150E333-8FDC-42A3-9474-1A3956D46DE8}") = "1.Entidades", "1.Entidades", "{2B7068D4-F32A-4545-A510-01EB410DAD2B}"
	ProjectSection(SolutionItems) = preProject
		Entidades\Maestros\Ticket.cs = Entidades\Maestros\Ticket.cs
	EndProjectSection
EndProject
Project("{2150E333-8FDC-42A3-9474-1A3956D46DE8}") = "2.Datos", "2.Datos", "{978511EA-3825-43DF-B330-C88E628F7A88}"
EndProject
Project("{2150E333-8FDC-42A3-9474-1A3956D46DE8}") = "3.Negocio", "3.Negocio", "{E2F084A3-D827-49D0-8460-0562E7598BE1}"
EndProject
Project("{2150E333-8FDC-42A3-9474-1A3956D46DE8}") = "4.Servicios", "4.Servicios", "{EAAD37F1-2A2B-4E89-AACF-B17F1E56E0AE}"
EndProject
Project("{2150E333-8FDC-42A3-9474-1A3956D46DE8}") = "5.Utilitarios", "5.Utilitarios", "{BC0C430D-DD48-4BB6-B885-CE54C4832286}"
EndProject
Project("{FAE04EC0-301F-11D3-BF4B-00C04F79EFBC}") = "Utilitarios", "Utilitarios\Utilitarios.csproj", "{11DADDE6-0288-4501-A459-14D922E0A946}"
EndProject
Project("{FAE04EC0-301F-11D3-BF4B-00C04F79EFBC}") = "Entidades", "Entidades\Entidades.csproj", "{2AEF14B4-E437-4B1E-ADDB-0189638F685F}"
EndProject
Project("{FAE04EC0-301F-11D3-BF4B-00C04F79EFBC}") = "Datos", "Datos\Datos.csproj", "{85E8A203-BD91-4521-AE0E-F661699368D3}"
EndProject
Project("{FAE04EC0-301F-11D3-BF4B-00C04F79EFBC}") = "Negocio", "Negocio\Negocio.csproj", "{89337A45-ED01-4879-83A8-EB85E3147964}"
EndProject
Project("{2150E333-8FDC-42A3-9474-1A3956D46DE8}") = "6.Sunat", "6.Sunat", "{2700BA20-8DC1-47D3-9B5C-A8E3FD2387DF}"
EndProject
Project("{FAE04EC0-301F-11D3-BF4B-00C04F79EFBC}") = "Sunat", "Sunat\Sunat.csproj", "{D6BD237F-80BE-4E78-8ACF-C1819432A0FB}"
EndProject
Project("{FAE04EC0-301F-11D3-BF4B-00C04F79EFBC}") = "WSApi", "WSApivnieve\WSApi.csproj", "{E96011CF-A581-4FBB-AD5D-F8ECF60B677F}"
EndProject
Project("{2150E333-8FDC-42A3-9474-1A3956D46DE8}") = "7.PruebasUnitarias", "7.PruebasUnitarias", "{8A3E5B84-98CD-40E5-813C-F978CED0844C}"
EndProject
Project("{FAE04EC0-301F-11D3-BF4B-00C04F79EFBC}") = "TestApplication", "TestApplication\TestApplication.csproj", "{A632601B-2CB8-4C11-BF0E-3EEE971CDFD2}"
EndProject
Project("{2150E333-8FDC-42A3-9474-1A3956D46DE8}") = "8.Escritorio", "8.Escritorio", "{38ABFC6B-46F0-4C54-8D6F-4D7AF2FE6FA7}"
EndProject
Project("{FAE04EC0-301F-11D3-BF4B-00C04F79EFBC}") = "DesktopFMSAC", "DestockFMSAC\DesktopFMSAC.csproj", "{32D4DF8E-96BB-48D2-B6E8-965E89ABEA33}"
EndProject
Project("{2150E333-8FDC-42A3-9474-1A3956D46DE8}") = "9.Presentacion", "9.Presentacion", "{F190B782-6925-4771-BACD-29EC8CE2B8DA}"
EndProject
Project("{FAE04EC0-301F-11D3-BF4B-00C04F79EFBC}") = "WSApiFMSACApp", "WSApiFMSACApp\WSApiFMSACApp.csproj", "{767BF818-141F-4DF3-B766-4B359330EE3C}"
EndProject
Global
	GlobalSection(SolutionConfigurationPlatforms) = preSolution
		Debug|Any CPU = Debug|Any CPU
		Debug|x86 = Debug|x86
		Release|Any CPU = Release|Any CPU
		Release|x86 = Release|x86
	EndGlobalSection
	GlobalSection(ProjectConfigurationPlatforms) = postSolution
		{11DADDE6-0288-4501-A459-14D922E0A946}.Debug|Any CPU.ActiveCfg = Debug|Any CPU
		{11DADDE6-0288-4501-A459-14D922E0A946}.Debug|Any CPU.Build.0 = Debug|Any CPU
		{11DADDE6-0288-4501-A459-14D922E0A946}.Debug|x86.ActiveCfg = Debug|Any CPU
		{11DADDE6-0288-4501-A459-14D922E0A946}.Debug|x86.Build.0 = Debug|Any CPU
		{11DADDE6-0288-4501-A459-14D922E0A946}.Release|Any CPU.ActiveCfg = Release|Any CPU
		{11DADDE6-0288-4501-A459-14D922E0A946}.Release|Any CPU.Build.0 = Release|Any CPU
		{11DADDE6-0288-4501-A459-14D922E0A946}.Release|x86.ActiveCfg = Release|Any CPU
		{11DADDE6-0288-4501-A459-14D922E0A946}.Release|x86.Build.0 = Release|Any CPU
		{2AEF14B4-E437-4B1E-ADDB-0189638F685F}.Debug|Any CPU.ActiveCfg = Debug|Any CPU
		{2AEF14B4-E437-4B1E-ADDB-0189638F685F}.Debug|Any CPU.Build.0 = Debug|Any CPU
		{2AEF14B4-E437-4B1E-ADDB-0189638F685F}.Debug|x86.ActiveCfg = Debug|Any CPU
		{2AEF14B4-E437-4B1E-ADDB-0189638F685F}.Debug|x86.Build.0 = Debug|Any CPU
		{2AEF14B4-E437-4B1E-ADDB-0189638F685F}.Release|Any CPU.ActiveCfg = Release|Any CPU
		{2AEF14B4-E437-4B1E-ADDB-0189638F685F}.Release|Any CPU.Build.0 = Release|Any CPU
		{2AEF14B4-E437-4B1E-ADDB-0189638F685F}.Release|x86.ActiveCfg = Release|Any CPU
		{2AEF14B4-E437-4B1E-ADDB-0189638F685F}.Release|x86.Build.0 = Release|Any CPU
		{85E8A203-BD91-4521-AE0E-F661699368D3}.Debug|Any CPU.ActiveCfg = Debug|Any CPU
		{85E8A203-BD91-4521-AE0E-F661699368D3}.Debug|Any CPU.Build.0 = Debug|Any CPU
		{85E8A203-BD91-4521-AE0E-F661699368D3}.Debug|x86.ActiveCfg = Debug|Any CPU
		{85E8A203-BD91-4521-AE0E-F661699368D3}.Debug|x86.Build.0 = Debug|Any CPU
		{85E8A203-BD91-4521-AE0E-F661699368D3}.Release|Any CPU.ActiveCfg = Release|Any CPU
		{85E8A203-BD91-4521-AE0E-F661699368D3}.Release|Any CPU.Build.0 = Release|Any CPU
		{85E8A203-BD91-4521-AE0E-F661699368D3}.Release|x86.ActiveCfg = Release|Any CPU
		{85E8A203-BD91-4521-AE0E-F661699368D3}.Release|x86.Build.0 = Release|Any CPU
		{89337A45-ED01-4879-83A8-EB85E3147964}.Debug|Any CPU.ActiveCfg = Debug|Any CPU
		{89337A45-ED01-4879-83A8-EB85E3147964}.Debug|Any CPU.Build.0 = Debug|Any CPU
		{89337A45-ED01-4879-83A8-EB85E3147964}.Debug|x86.ActiveCfg = Debug|Any CPU
		{89337A45-ED01-4879-83A8-EB85E3147964}.Debug|x86.Build.0 = Debug|Any CPU
		{89337A45-ED01-4879-83A8-EB85E3147964}.Release|Any CPU.ActiveCfg = Release|Any CPU
		{89337A45-ED01-4879-83A8-EB85E3147964}.Release|Any CPU.Build.0 = Release|Any CPU
		{89337A45-ED01-4879-83A8-EB85E3147964}.Release|x86.ActiveCfg = Release|Any CPU
		{89337A45-ED01-4879-83A8-EB85E3147964}.Release|x86.Build.0 = Release|Any CPU
		{D6BD237F-80BE-4E78-8ACF-C1819432A0FB}.Debug|Any CPU.ActiveCfg = Debug|Any CPU
		{D6BD237F-80BE-4E78-8ACF-C1819432A0FB}.Debug|Any CPU.Build.0 = Debug|Any CPU
		{D6BD237F-80BE-4E78-8ACF-C1819432A0FB}.Debug|x86.ActiveCfg = Debug|Any CPU
		{D6BD237F-80BE-4E78-8ACF-C1819432A0FB}.Debug|x86.Build.0 = Debug|Any CPU
		{D6BD237F-80BE-4E78-8ACF-C1819432A0FB}.Release|Any CPU.ActiveCfg = Release|Any CPU
		{D6BD237F-80BE-4E78-8ACF-C1819432A0FB}.Release|Any CPU.Build.0 = Release|Any CPU
		{D6BD237F-80BE-4E78-8ACF-C1819432A0FB}.Release|x86.ActiveCfg = Release|Any CPU
		{D6BD237F-80BE-4E78-8ACF-C1819432A0FB}.Release|x86.Build.0 = Release|Any CPU
		{E96011CF-A581-4FBB-AD5D-F8ECF60B677F}.Debug|Any CPU.ActiveCfg = Debug|Any CPU
		{E96011CF-A581-4FBB-AD5D-F8ECF60B677F}.Debug|Any CPU.Build.0 = Debug|Any CPU
		{E96011CF-A581-4FBB-AD5D-F8ECF60B677F}.Debug|x86.ActiveCfg = Debug|Any CPU
		{E96011CF-A581-4FBB-AD5D-F8ECF60B677F}.Debug|x86.Build.0 = Debug|Any CPU
		{E96011CF-A581-4FBB-AD5D-F8ECF60B677F}.Release|Any CPU.ActiveCfg = Release|Any CPU
		{E96011CF-A581-4FBB-AD5D-F8ECF60B677F}.Release|Any CPU.Build.0 = Release|Any CPU
		{E96011CF-A581-4FBB-AD5D-F8ECF60B677F}.Release|x86.ActiveCfg = Release|Any CPU
		{E96011CF-A581-4FBB-AD5D-F8ECF60B677F}.Release|x86.Build.0 = Release|Any CPU
		{A632601B-2CB8-4C11-BF0E-3EEE971CDFD2}.Debug|Any CPU.ActiveCfg = Debug|Any CPU
		{A632601B-2CB8-4C11-BF0E-3EEE971CDFD2}.Debug|Any CPU.Build.0 = Debug|Any CPU
		{A632601B-2CB8-4C11-BF0E-3EEE971CDFD2}.Debug|x86.ActiveCfg = Debug|Any CPU
		{A632601B-2CB8-4C11-BF0E-3EEE971CDFD2}.Debug|x86.Build.0 = Debug|Any CPU
		{A632601B-2CB8-4C11-BF0E-3EEE971CDFD2}.Release|Any CPU.ActiveCfg = Release|Any CPU
		{A632601B-2CB8-4C11-BF0E-3EEE971CDFD2}.Release|Any CPU.Build.0 = Release|Any CPU
		{A632601B-2CB8-4C11-BF0E-3EEE971CDFD2}.Release|x86.ActiveCfg = Release|Any CPU
		{A632601B-2CB8-4C11-BF0E-3EEE971CDFD2}.Release|x86.Build.0 = Release|Any CPU
		{32D4DF8E-96BB-48D2-B6E8-965E89ABEA33}.Debug|Any CPU.ActiveCfg = Debug|x86
		{32D4DF8E-96BB-48D2-B6E8-965E89ABEA33}.Debug|x86.ActiveCfg = Debug|x86
		{32D4DF8E-96BB-48D2-B6E8-965E89ABEA33}.Debug|x86.Build.0 = Debug|x86
		{32D4DF8E-96BB-48D2-B6E8-965E89ABEA33}.Release|Any CPU.ActiveCfg = Release|x86
		{32D4DF8E-96BB-48D2-B6E8-965E89ABEA33}.Release|x86.ActiveCfg = Release|x86
		{32D4DF8E-96BB-48D2-B6E8-965E89ABEA33}.Release|x86.Build.0 = Release|x86
		{767BF818-141F-4DF3-B766-4B359330EE3C}.Debug|Any CPU.ActiveCfg = Debug|Any CPU
		{767BF818-141F-4DF3-B766-4B359330EE3C}.Debug|Any CPU.Build.0 = Debug|Any CPU
		{767BF818-141F-4DF3-B766-4B359330EE3C}.Debug|x86.ActiveCfg = Debug|Any CPU
		{767BF818-141F-4DF3-B766-4B359330EE3C}.Debug|x86.Build.0 = Debug|Any CPU
		{767BF818-141F-4DF3-B766-4B359330EE3C}.Release|Any CPU.ActiveCfg = Release|Any CPU
		{767BF818-141F-4DF3-B766-4B359330EE3C}.Release|Any CPU.Build.0 = Release|Any CPU
		{767BF818-141F-4DF3-B766-4B359330EE3C}.Release|x86.ActiveCfg = Release|Any CPU
		{767BF818-141F-4DF3-B766-4B359330EE3C}.Release|x86.Build.0 = Release|Any CPU
	EndGlobalSection
	GlobalSection(SolutionProperties) = preSolution
		HideSolutionNode = FALSE
	EndGlobalSection
	GlobalSection(NestedProjects) = preSolution
		{11DADDE6-0288-4501-A459-14D922E0A946} = {BC0C430D-DD48-4BB6-B885-CE54C4832286}
		{2AEF14B4-E437-4B1E-ADDB-0189638F685F} = {2B7068D4-F32A-4545-A510-01EB410DAD2B}
		{85E8A203-BD91-4521-AE0E-F661699368D3} = {978511EA-3825-43DF-B330-C88E628F7A88}
		{89337A45-ED01-4879-83A8-EB85E3147964} = {E2F084A3-D827-49D0-8460-0562E7598BE1}
		{D6BD237F-80BE-4E78-8ACF-C1819432A0FB} = {2700BA20-8DC1-47D3-9B5C-A8E3FD2387DF}
		{E96011CF-A581-4FBB-AD5D-F8ECF60B677F} = {EAAD37F1-2A2B-4E89-AACF-B17F1E56E0AE}
		{A632601B-2CB8-4C11-BF0E-3EEE971CDFD2} = {8A3E5B84-98CD-40E5-813C-F978CED0844C}
		{32D4DF8E-96BB-48D2-B6E8-965E89ABEA33} = {38ABFC6B-46F0-4C54-8D6F-4D7AF2FE6FA7}
		{767BF818-141F-4DF3-B766-4B359330EE3C} = {F190B782-6925-4771-BACD-29EC8CE2B8DA}
	EndGlobalSection
	GlobalSection(ExtensibilityGlobals) = postSolution
		SolutionGuid = {F3056B7C-6485-4661-A672-7E0DE2796B2B}
	EndGlobalSection
EndGlobal
